# @generated - this file is auto-generated by `mise lock` https://mise.jdx.dev/dev-tools/mise-lock.html

lockfile_version = 2

[[tools.node]]
version = "24.21.0"
backend = "core:node"
specifiers = ["24.21.0"]

[tools.node."platforms.linux-arm64"]
checksum = "sha256:724282c3b43aec998aa9527380465b45d229e021b58035f5f4f63095eabfe5d5"
url = "https://nodejs.org/dist/v24.21.0/node-v24.21.0-linux-arm64.tar.gz"

[tools.node."platforms.linux-arm64-musl"]
checksum = "sha256:3048b0811e158ca0d8672b59c839861763e144492980d8d29b369dfee45747e4"
url = "https://unofficial-builds.nodejs.org/download/release/v24.21.0/node-v24.21.0-linux-arm64-musl.tar.gz"

[tools.node."platforms.linux-x64"]
checksum = "sha256:6e1db87ef58b8819e5d5402eff1536491b18edd8eb7bee5ef7897876e88dc5ff"
url = "https://nodejs.org/dist/v24.21.0/node-v24.21.0-linux-x64.tar.gz"

[tools.node."platforms.linux-x64-musl"]
checksum = "sha256:01a713e34da98e7b4d2a3191ee7ca3f93dd0384d1a2ef23c379b2161ee6e133a"
url = "https://unofficial-builds.nodejs.org/download/release/v24.21.0/node-v24.21.0-linux-x64-musl.tar.gz"

[tools.node."platforms.macos-arm64"]
checksum = "sha256:bed7eea5325e1108f32ce5228ddd6a5f0f08a499ee42aa7442aea583702f6057"
url = "https://nodejs.org/dist/v24.21.0/node-v24.21.0-darwin-arm64.tar.gz"

[tools.node."platforms.macos-x64"]
checksum = "sha256:1462cb3b3046b815cf8ea436d3da450ec1a9f11dac7e5a46b0ada5305d7e8097"
url = "https://nodejs.org/dist/v24.21.0/node-v24.21.0-darwin-x64.tar.gz"

[tools.node."platforms.windows-x64"]
checksum = "sha256:158f7685b44de51f6c0df1d153526cbcd3e1bc739a8dfc607721cef75de9e541"
url = "https://nodejs.org/dist/v24.21.0/node-v24.21.0-win-x64.zip"

[[tools.opentofu]]
version = "1.10.2"
backend = "aqua:opentofu/opentofu"
specifiers = ["1.10.2"]

[tools.opentofu."platforms.linux-arm64"]
checksum = "sha256:71a42ae4ead817d0234ea3611361e4b17690afc3ea30ad12a270973223dedccc"
url = "https://github.com/opentofu/opentofu/releases/download/v1.10.2/tofu_1.10.2_linux_arm64.tar.gz"
url_api = "https://api.github.com/repos/opentofu/opentofu/releases/assets/269065927"

[tools.opentofu."platforms.linux-arm64-musl"]
checksum = "sha256:71a42ae4ead817d0234ea3611361e4b17690afc3ea30ad12a270973223dedccc"
url = "https://github.com/opentofu/opentofu/releases/download/v1.10.2/tofu_1.10.2_linux_arm64.tar.gz"
url_api = "https://api.github.com/repos/opentofu/opentofu/releases/assets/269065927"

[tools.opentofu."platforms.linux-x64"]
checksum = "sha256:4d00a35452e7a2c17d7c46bad44142fb393fad39c84427a26433f29c9b0174a4"
url = "https://github.com/opentofu/opentofu/releases/download/v1.10.2/tofu_1.10.2_linux_amd64.tar.gz"
url_api = "https://api.github.com/repos/opentofu/opentofu/releases/assets/269065917"

[tools.opentofu."platforms.linux-x64-musl"]
checksum = "sha256:4d00a35452e7a2c17d7c46bad44142fb393fad39c84427a26433f29c9b0174a4"
url = "https://github.com/opentofu/opentofu/releases/download/v1.10.2/tofu_1.10.2_linux_amd64.tar.gz"
url_api = "https://api.github.com/repos/opentofu/opentofu/releases/assets/269065917"

[tools.opentofu."platforms.macos-arm64"]
checksum = "sha256:c5f2750bd3ab2727448336a407c59c29b5defd2e67f4b39f30a0aa7f4c14ddc8"
url = "https://github.com/opentofu/opentofu/releases/download/v1.10.2/tofu_1.10.2_darwin_arm64.tar.gz"
url_api = "https://api.github.com/repos/opentofu/opentofu/releases/assets/269065914"

[tools.opentofu."platforms.macos-x64"]
checksum = "sha256:c3e7270e27d1f94ccdd5a7a4fdbbb1af2f86bf78162c4a982c560228cf20fc7f"
url = "https://github.com/opentofu/opentofu/releases/download/v1.10.2/tofu_1.10.2_darwin_amd64.tar.gz"
url_api = "https://api.github.com/repos/opentofu/opentofu/releases/assets/269065928"

[tools.opentofu."platforms.windows-x64"]
checksum = "sha256:fd25a96008f62ffff9a8450fb6d9f958e76a106a36c3f45a75fc9b20d8035cbf"
url = "https://github.com/opentofu/opentofu/releases/download/v1.10.2/tofu_1.10.2_windows_amd64.tar.gz"
url_api = "https://api.github.com/repos/opentofu/opentofu/releases/assets/269065916"

[[tools.terragrunt]]
version = "0.99.5"
backend = "aqua:gruntwork-io/terragrunt"
specifiers = ["0.99.5"]

[tools.terragrunt."platforms.linux-arm64"]
checksum = "sha256:fed8c41b0fa8dc15ad81e941c79c5db6b5fcbd3129bd25af663308a478dfabd0"
url = "https://github.com/gruntwork-io/terragrunt/releases/download/v0.99.5/terragrunt_linux_arm64.tar.gz"
url_api = "https://api.github.com/repos/gruntwork-io/terragrunt/releases/assets/382119379"

[tools.terragrunt."platforms.linux-arm64-musl"]
checksum = "sha256:fed8c41b0fa8dc15ad81e941c79c5db6b5fcbd3129bd25af663308a478dfabd0"
url = "https://github.com/gruntwork-io/terragrunt/releases/download/v0.99.5/terragrunt_linux_arm64.tar.gz"
url_api = "https://api.github.com/repos/gruntwork-io/terragrunt/releases/assets/382119379"

[tools.terragrunt."platforms.linux-x64"]
checksum = "sha256:8050444125e87abe077d602a6da7db7317d3e8d40d6dc8cb738fa009a005efc4"
url = "https://github.com/gruntwork-io/terragrunt/releases/download/v0.99.5/terragrunt_linux_amd64.tar.gz"
url_api = "https://api.github.com/repos/gruntwork-io/terragrunt/releases/assets/382119266"

[tools.terragrunt."platforms.linux-x64-musl"]
checksum = "sha256:8050444125e87abe077d602a6da7db7317d3e8d40d6dc8cb738fa009a005efc4"
url = "https://github.com/gruntwork-io/terragrunt/releases/download/v0.99.5/terragrunt_linux_amd64.tar.gz"
url_api = "https://api.github.com/repos/gruntwork-io/terragrunt/releases/assets/382119266"

[tools.terragrunt."platforms.macos-arm64"]
checksum = "sha256:3f37bf521d2d3bf6f05f3c6ff09b6c12c276e84c076fe7173c0842a2101a7ecd"
url = "https://github.com/gruntwork-io/terragrunt/releases/download/v0.99.5/terragrunt_darwin_arm64.tar.gz"
url_api = "https://api.github.com/repos/gruntwork-io/terragrunt/releases/assets/382119023"

[tools.terragrunt."platforms.macos-x64"]
checksum = "sha256:058e2476c7452cf7a6f426c8e84ac25aac2d56b48cea042ec668e1f0dc6d9498"
url = "https://github.com/gruntwork-io/terragrunt/releases/download/v0.99.5/terragrunt_darwin_amd64.tar.gz"
url_api = "https://api.github.com/repos/gruntwork-io/terragrunt/releases/assets/382118909"

[tools.terragrunt."platforms.windows-x64"]
checksum = "sha256:b5c853f0fbdba8481a1e45a894e86260f24dd40930d4da7c2e2efcdbe7936d1f"
url = "https://github.com/gruntwork-io/terragrunt/releases/download/v0.99.5/terragrunt_windows_amd64.exe.tar.gz"
url_api = "https://api.github.com/repos/gruntwork-io/terragrunt/releases/assets/382119805"

[[tools.wrangler]]
version = "4.135.0"
aube = { path = "locks/wrangler/4.135.0~d1f80b8e", digest = "sha256:86cf60ad825d7895a78d5f913c44e2a521becac1a06c69368a8e2b3942450efa" }
backend = "npm:wrangler"
specifiers = ["4.135.0"]

[tools.wrangler.options]
allow_builds = '["esbuild", "sharp", "workerd"]'
